
Microsoft Visual Studio Solution File, Format Version 12.00
# Visual Studio Version 17
VisualStudioVersion = 17.4.33213.308
MinimumVisualStudioVersion = 10.0.40219.1
Project("{9A19103F-16F7-4668-BE54-9A1E7A4F7556}") = "AddressBookAPI", "AddressBookAPI.csproj", "{70C57541-BC87-40FD-AC69-DC8CA22BCB63}"
EndProject
Global
	GlobalSection(SolutionConfigurationPlatforms) = preSolution
		Debug|Any CPU = Debug|Any CPU
		Release|Any CPU = Release|Any CPU
	EndGlobalSection
	GlobalSection(ProjectConfigurationPlatforms) = postSolution
		{70C57541-BC87-40FD-AC69-DC8CA22BCB63}.Debug|Any CPU.ActiveCfg = Debug|Any CPU
		{70C57541-BC87-40FD-AC69-DC8CA22BCB63}.Debug|Any CPU.Build.0 = Debug|Any CPU
		{70C57541-BC87-40FD-AC69-DC8CA22BCB63}.Release|Any CPU.ActiveCfg = Release|Any CPU
		{70C57541-BC87-40FD-AC69-DC8CA22BCB63}.Release|Any CPU.Build.0 = Release|Any CPU
	EndGlobalSection
	GlobalSection(SolutionProperties) = preSolution
		HideSolutionNode = FALSE
	EndGlobalSection
	GlobalSection(ExtensibilityGlobals) = postSolution
		SolutionGuid = {79302E69-DB74-4CBB-AB60-E7F8CD938184}
	EndGlobalSection
EndGlobal
